
Microsoft Visual Studio Solution File, Format Version 12.00
# Visual Studio Version 17
VisualStudioVersion = 17.9.34616.47
MinimumVisualStudioVersion = 10.0.40219.1
Project("{2150E333-8FDC-42A3-9474-1A3956D46DE8}") = "Services", "Services", "{886506FD-2386-4863-B974-D4DF2D228AB8}"
EndProject
Project("{2150E333-8FDC-42A3-9474-1A3956D46DE8}") = "Catalog", "Catalog", "{97626DA3-4E79-4752-910A-B8FF68FC9AA8}"
EndProject
Project("{9A19103F-16F7-4668-BE54-9A1E7A4F7556}") = "Zamazon.Catalog", "Services\Catalog\Zamazon.Catalog\Zamazon.Catalog.csproj", "{898A2E94-0E66-45C8-95E6-84DF8581FDDA}"
EndProject
Project("{2150E333-8FDC-42A3-9474-1A3956D46DE8}") = "Discount", "Discount", "{AD436B25-B849-44B2-8B81-CF196AD39AD6}"
EndProject
Project("{9A19103F-16F7-4668-BE54-9A1E7A4F7556}") = "Zamazon.Discount", "Services\Discount\Zamazon.Discount\Zamazon.Discount.csproj", "{12A05BB5-8462-4AB4-ABFC-2F11A8C256BF}"
EndProject
Project("{2150E333-8FDC-42A3-9474-1A3956D46DE8}") = "Order", "Order", "{D880902F-0DCC-4275-8AF6-5E2442E28D9B}"
EndProject
Project("{2150E333-8FDC-42A3-9474-1A3956D46DE8}") = "Core", "Core", "{307D2818-4A7A-4E91-81E2-B7E963CEC207}"
EndProject
Project("{2150E333-8FDC-42A3-9474-1A3956D46DE8}") = "Infrastructure", "Infrastructure", "{D1D0BEFA-9623-47EA-973E-F4B06DAF84C2}"
EndProject
Project("{2150E333-8FDC-42A3-9474-1A3956D46DE8}") = "Presentation", "Presentation", "{F15F5247-530C-4763-B5EA-4D9001E242ED}"
EndProject
Project("{9A19103F-16F7-4668-BE54-9A1E7A4F7556}") = "Zamazon.Order.Domain", "Services\Order\Core\Zamazon.Order.Domain\Zamazon.Order.Domain.csproj", "{6F46AE58-5838-4661-BC66-B75C302B1EA6}"
EndProject
Project("{9A19103F-16F7-4668-BE54-9A1E7A4F7556}") = "Zamazon.Order.Application", "Services\Order\Core\Zamazon.Order.Application\Zamazon.Order.Application.csproj", "{74B0FBCF-F1DC-421F-81F4-450B02BDD8AA}"
EndProject
Project("{9A19103F-16F7-4668-BE54-9A1E7A4F7556}") = "Zamazon.Order.Persistance", "Services\Order\Infrastructure\Zamazon.Order.Persistance\Zamazon.Order.Persistance.csproj", "{96995CAF-542C-4AD1-AD16-984A9AA8EB35}"
EndProject
Project("{9A19103F-16F7-4668-BE54-9A1E7A4F7556}") = "Zamazon.Order.WebApi", "Services\Order\Presentation\Zamazon.Order.WebApi\Zamazon.Order.WebApi.csproj", "{4CE10237-5E03-4DF1-B372-755B49153569}"
EndProject
Project("{2150E333-8FDC-42A3-9474-1A3956D46DE8}") = "IdentityServer", "IdentityServer", "{EEB5D1D9-D933-498E-9DA3-3E1CF60667CA}"
EndProject
Project("{9A19103F-16F7-4668-BE54-9A1E7A4F7556}") = "Zamazon.IdentityServer", "IdentityServer\Zamazon.IdentityServer\Zamazon.IdentityServer.csproj", "{247D3E5A-197B-44FE-9522-E644688CA627}"
EndProject
Project("{2150E333-8FDC-42A3-9474-1A3956D46DE8}") = "Cargo", "Cargo", "{D70C8C11-782D-473B-9A7F-03834BE6ECBD}"
EndProject
Project("{9A19103F-16F7-4668-BE54-9A1E7A4F7556}") = "Zamazon.Cargo.Business", "Services\Cargo\Zamazon.Cargo.Business\Zamazon.Cargo.Business.csproj", "{1F329AF5-3114-470C-81BC-87402811E817}"
EndProject
Project("{9A19103F-16F7-4668-BE54-9A1E7A4F7556}") = "Zamazon.Cargo.Entity", "Services\Cargo\Zamazon.Cargo.Entity\Zamazon.Cargo.Entity.csproj", "{E67524F5-E93C-4022-9AC8-CAD798506FC2}"
EndProject
Project("{9A19103F-16F7-4668-BE54-9A1E7A4F7556}") = "Zamazon.Cargo.DataAcces", "Services\Cargo\Zamazon.Cargo.DataAcces\Zamazon.Cargo.DataAcces.csproj", "{84A7D62E-12E0-42A9-8D07-F475A2CB8650}"
EndProject
Project("{9A19103F-16F7-4668-BE54-9A1E7A4F7556}") = "Zamazon.Cargo.Dto", "Services\Cargo\Zamazon.Cargo.Dto\Zamazon.Cargo.Dto.csproj", "{735CC249-7673-499C-89E5-A03F4E20AD17}"
EndProject
Project("{9A19103F-16F7-4668-BE54-9A1E7A4F7556}") = "Zamazon.Cargo.WebApi", "Services\Cargo\Zamazon.Cargo.WebApi\Zamazon.Cargo.WebApi.csproj", "{85270C8F-2057-4FAE-8D67-6DCC9562D117}"
EndProject
Project("{2150E333-8FDC-42A3-9474-1A3956D46DE8}") = "Basket", "Basket", "{DE73E92E-9F4C-4BE8-9895-4AD8908DB965}"
EndProject
Project("{9A19103F-16F7-4668-BE54-9A1E7A4F7556}") = "Zamazon.Basket.WebApi", "Services\Basket\Zamazon.Basket.WebApi\Zamazon.Basket.WebApi.csproj", "{F26702E6-989A-4655-B3D7-C318E321785D}"
EndProject
Project("{2150E333-8FDC-42A3-9474-1A3956D46DE8}") = "Frontend", "Frontend", "{713A9CCB-9B27-4C02-8DD4-ABD144C49C5B}"
EndProject
Project("{9A19103F-16F7-4668-BE54-9A1E7A4F7556}") = "Zamazon.WebUI", "Frontend\Zamazon.WebUI\Zamazon.WebUI.csproj", "{864D9EBE-AA97-43C3-ACE5-71D509C1D06D}"
EndProject
Project("{FAE04EC0-301F-11D3-BF4B-00C04F79EFBC}") = "Zamazon.DtoLayer", "Zamazon.DtoLayer\Zamazon.DtoLayer.csproj", "{125FBB80-3509-4ACC-A4B5-D930AC0E2CDF}"
EndProject
Global
	GlobalSection(SolutionConfigurationPlatforms) = preSolution
		Debug|Any CPU = Debug|Any CPU
		Release|Any CPU = Release|Any CPU
	EndGlobalSection
	GlobalSection(ProjectConfigurationPlatforms) = postSolution
		{898A2E94-0E66-45C8-95E6-84DF8581FDDA}.Debug|Any CPU.ActiveCfg = Debug|Any CPU
		{898A2E94-0E66-45C8-95E6-84DF8581FDDA}.Debug|Any CPU.Build.0 = Debug|Any CPU
		{898A2E94-0E66-45C8-95E6-84DF8581FDDA}.Release|Any CPU.ActiveCfg = Release|Any CPU
		{898A2E94-0E66-45C8-95E6-84DF8581FDDA}.Release|Any CPU.Build.0 = Release|Any CPU
		{12A05BB5-8462-4AB4-ABFC-2F11A8C256BF}.Debug|Any CPU.ActiveCfg = Debug|Any CPU
		{12A05BB5-8462-4AB4-ABFC-2F11A8C256BF}.Debug|Any CPU.Build.0 = Debug|Any CPU
		{12A05BB5-8462-4AB4-ABFC-2F11A8C256BF}.Release|Any CPU.ActiveCfg = Release|Any CPU
		{12A05BB5-8462-4AB4-ABFC-2F11A8C256BF}.Release|Any CPU.Build.0 = Release|Any CPU
		{6F46AE58-5838-4661-BC66-B75C302B1EA6}.Debug|Any CPU.ActiveCfg = Debug|Any CPU
		{6F46AE58-5838-4661-BC66-B75C302B1EA6}.Debug|Any CPU.Build.0 = Debug|Any CPU
		{6F46AE58-5838-4661-BC66-B75C302B1EA6}.Release|Any CPU.ActiveCfg = Release|Any CPU
		{6F46AE58-5838-4661-BC66-B75C302B1EA6}.Release|Any CPU.Build.0 = Release|Any CPU
		{74B0FBCF-F1DC-421F-81F4-450B02BDD8AA}.Debug|Any CPU.ActiveCfg = Debug|Any CPU
		{74B0FBCF-F1DC-421F-81F4-450B02BDD8AA}.Debug|Any CPU.Build.0 = Debug|Any CPU
		{74B0FBCF-F1DC-421F-81F4-450B02BDD8AA}.Release|Any CPU.ActiveCfg = Release|Any CPU
		{74B0FBCF-F1DC-421F-81F4-450B02BDD8AA}.Release|Any CPU.Build.0 = Release|Any CPU
		{96995CAF-542C-4AD1-AD16-984A9AA8EB35}.Debug|Any CPU.ActiveCfg = Debug|Any CPU
		{96995CAF-542C-4AD1-AD16-984A9AA8EB35}.Debug|Any CPU.Build.0 = Debug|Any CPU
		{96995CAF-542C-4AD1-AD16-984A9AA8EB35}.Release|Any CPU.ActiveCfg = Release|Any CPU
		{96995CAF-542C-4AD1-AD16-984A9AA8EB35}.Release|Any CPU.Build.0 = Release|Any CPU
		{4CE10237-5E03-4DF1-B372-755B49153569}.Debug|Any CPU.ActiveCfg = Debug|Any CPU
		{4CE10237-5E03-4DF1-B372-755B49153569}.Debug|Any CPU.Build.0 = Debug|Any CPU
		{4CE10237-5E03-4DF1-B372-755B49153569}.Release|Any CPU.ActiveCfg = Release|Any CPU
		{4CE10237-5E03-4DF1-B372-755B49153569}.Release|Any CPU.Build.0 = Release|Any CPU
		{247D3E5A-197B-44FE-9522-E644688CA627}.Debug|Any CPU.ActiveCfg = Debug|Any CPU
		{247D3E5A-197B-44FE-9522-E644688CA627}.Debug|Any CPU.Build.0 = Debug|Any CPU
		{247D3E5A-197B-44FE-9522-E644688CA627}.Release|Any CPU.ActiveCfg = Release|Any CPU
		{247D3E5A-197B-44FE-9522-E644688CA627}.Release|Any CPU.Build.0 = Release|Any CPU
		{1F329AF5-3114-470C-81BC-87402811E817}.Debug|Any CPU.ActiveCfg = Debug|Any CPU
		{1F329AF5-3114-470C-81BC-87402811E817}.Debug|Any CPU.Build.0 = Debug|Any CPU
		{1F329AF5-3114-470C-81BC-87402811E817}.Release|Any CPU.ActiveCfg = Release|Any CPU
		{1F329AF5-3114-470C-81BC-87402811E817}.Release|Any CPU.Build.0 = Release|Any CPU
		{E67524F5-E93C-4022-9AC8-CAD798506FC2}.Debug|Any CPU.ActiveCfg = Debug|Any CPU
		{E67524F5-E93C-4022-9AC8-CAD798506FC2}.Debug|Any CPU.Build.0 = Debug|Any CPU
		{E67524F5-E93C-4022-9AC8-CAD798506FC2}.Release|Any CPU.ActiveCfg = Release|Any CPU
		{E67524F5-E93C-4022-9AC8-CAD798506FC2}.Release|Any CPU.Build.0 = Release|Any CPU
		{84A7D62E-12E0-42A9-8D07-F475A2CB8650}.Debug|Any CPU.ActiveCfg = Debug|Any CPU
		{84A7D62E-12E0-42A9-8D07-F475A2CB8650}.Debug|Any CPU.Build.0 = Debug|Any CPU
		{84A7D62E-12E0-42A9-8D07-F475A2CB8650}.Release|Any CPU.ActiveCfg = Release|Any CPU
		{84A7D62E-12E0-42A9-8D07-F475A2CB8650}.Release|Any CPU.Build.0 = Release|Any CPU
		{735CC249-7673-499C-89E5-A03F4E20AD17}.Debug|Any CPU.ActiveCfg = Debug|Any CPU
		{735CC249-7673-499C-89E5-A03F4E20AD17}.Debug|Any CPU.Build.0 = Debug|Any CPU
		{735CC249-7673-499C-89E5-A03F4E20AD17}.Release|Any CPU.ActiveCfg = Release|Any CPU
		{735CC249-7673-499C-89E5-A03F4E20AD17}.Release|Any CPU.Build.0 = Release|Any CPU
		{85270C8F-2057-4FAE-8D67-6DCC9562D117}.Debug|Any CPU.ActiveCfg = Debug|Any CPU
		{85270C8F-2057-4FAE-8D67-6DCC9562D117}.Debug|Any CPU.Build.0 = Debug|Any CPU
		{85270C8F-2057-4FAE-8D67-6DCC9562D117}.Release|Any CPU.ActiveCfg = Release|Any CPU
		{85270C8F-2057-4FAE-8D67-6DCC9562D117}.Release|Any CPU.Build.0 = Release|Any CPU
		{F26702E6-989A-4655-B3D7-C318E321785D}.Debug|Any CPU.ActiveCfg = Debug|Any CPU
		{F26702E6-989A-4655-B3D7-C318E321785D}.Debug|Any CPU.Build.0 = Debug|Any CPU
		{F26702E6-989A-4655-B3D7-C318E321785D}.Release|Any CPU.ActiveCfg = Release|Any CPU
		{F26702E6-989A-4655-B3D7-C318E321785D}.Release|Any CPU.Build.0 = Release|Any CPU
		{864D9EBE-AA97-43C3-ACE5-71D509C1D06D}.Debug|Any CPU.ActiveCfg = Debug|Any CPU
		{864D9EBE-AA97-43C3-ACE5-71D509C1D06D}.Debug|Any CPU.Build.0 = Debug|Any CPU
		{864D9EBE-AA97-43C3-ACE5-71D509C1D06D}.Release|Any CPU.ActiveCfg = Release|Any CPU
		{864D9EBE-AA97-43C3-ACE5-71D509C1D06D}.Release|Any CPU.Build.0 = Release|Any CPU
		{125FBB80-3509-4ACC-A4B5-D930AC0E2CDF}.Debug|Any CPU.ActiveCfg = Debug|Any CPU
		{125FBB80-3509-4ACC-A4B5-D930AC0E2CDF}.Debug|Any CPU.Build.0 = Debug|Any CPU
		{125FBB80-3509-4ACC-A4B5-D930AC0E2CDF}.Release|Any CPU.ActiveCfg = Release|Any CPU
		{125FBB80-3509-4ACC-A4B5-D930AC0E2CDF}.Release|Any CPU.Build.0 = Release|Any CPU
	EndGlobalSection
	GlobalSection(SolutionProperties) = preSolution
		HideSolutionNode = FALSE
	EndGlobalSection
	GlobalSection(NestedProjects) = preSolution
		{97626DA3-4E79-4752-910A-B8FF68FC9AA8} = {886506FD-2386-4863-B974-D4DF2D228AB8}
		{898A2E94-0E66-45C8-95E6-84DF8581FDDA} = {97626DA3-4E79-4752-910A-B8FF68FC9AA8}
		{AD436B25-B849-44B2-8B81-CF196AD39AD6} = {886506FD-2386-4863-B974-D4DF2D228AB8}
		{12A05BB5-8462-4AB4-ABFC-2F11A8C256BF} = {AD436B25-B849-44B2-8B81-CF196AD39AD6}
		{D880902F-0DCC-4275-8AF6-5E2442E28D9B} = {886506FD-2386-4863-B974-D4DF2D228AB8}
		{307D2818-4A7A-4E91-81E2-B7E963CEC207} = {D880902F-0DCC-4275-8AF6-5E2442E28D9B}
		{D1D0BEFA-9623-47EA-973E-F4B06DAF84C2} = {D880902F-0DCC-4275-8AF6-5E2442E28D9B}
		{F15F5247-530C-4763-B5EA-4D9001E242ED} = {D880902F-0DCC-4275-8AF6-5E2442E28D9B}
		{6F46AE58-5838-4661-BC66-B75C302B1EA6} = {307D2818-4A7A-4E91-81E2-B7E963CEC207}
		{74B0FBCF-F1DC-421F-81F4-450B02BDD8AA} = {307D2818-4A7A-4E91-81E2-B7E963CEC207}
		{96995CAF-542C-4AD1-AD16-984A9AA8EB35} = {D1D0BEFA-9623-47EA-973E-F4B06DAF84C2}
		{4CE10237-5E03-4DF1-B372-755B49153569} = {F15F5247-530C-4763-B5EA-4D9001E242ED}
		{247D3E5A-197B-44FE-9522-E644688CA627} = {EEB5D1D9-D933-498E-9DA3-3E1CF60667CA}
		{D70C8C11-782D-473B-9A7F-03834BE6ECBD} = {886506FD-2386-4863-B974-D4DF2D228AB8}
		{1F329AF5-3114-470C-81BC-87402811E817} = {D70C8C11-782D-473B-9A7F-03834BE6ECBD}
		{E67524F5-E93C-4022-9AC8-CAD798506FC2} = {D70C8C11-782D-473B-9A7F-03834BE6ECBD}
		{84A7D62E-12E0-42A9-8D07-F475A2CB8650} = {D70C8C11-782D-473B-9A7F-03834BE6ECBD}
		{735CC249-7673-499C-89E5-A03F4E20AD17} = {D70C8C11-782D-473B-9A7F-03834BE6ECBD}
		{85270C8F-2057-4FAE-8D67-6DCC9562D117} = {D70C8C11-782D-473B-9A7F-03834BE6ECBD}
		{DE73E92E-9F4C-4BE8-9895-4AD8908DB965} = {886506FD-2386-4863-B974-D4DF2D228AB8}
		{F26702E6-989A-4655-B3D7-C318E321785D} = {DE73E92E-9F4C-4BE8-9895-4AD8908DB965}
		{864D9EBE-AA97-43C3-ACE5-71D509C1D06D} = {713A9CCB-9B27-4C02-8DD4-ABD144C49C5B}
		{125FBB80-3509-4ACC-A4B5-D930AC0E2CDF} = {713A9CCB-9B27-4C02-8DD4-ABD144C49C5B}
	EndGlobalSection
	GlobalSection(ExtensibilityGlobals) = postSolution
		SolutionGuid = {0928B34C-4182-457A-9BDA-4774EF84992A}
	EndGlobalSection
EndGlobal
